// !$*UTF8*$!
{
	archiveVersion = 1;
	classes = {
	};
	objectVersion = 56;
	objects = {

/* Begin PBXBuildFile section */
		BD67562F2A61AD9000333079 /* navigationStackApp.swift in Sources */ = {isa = PBXBuildFile; fileRef = BD67562E2A61AD9000333079 /* navigationStackApp.swift */; };
		BD6756312A61AD9000333079 /* ContentView.swift in Sources */ = {isa = PBXBuildFile; fileRef = BD6756302A61AD9000333079 /* ContentView.swift */; };
		BD6756332A61AD9200333079 /* Assets.xcassets in Resources */ = {isa = PBXBuildFile; fileRef = BD6756322A61AD9200333079 /* Assets.xcassets */; };
		BD6756362A61AD9200333079 /* Preview Assets.xcassets in Resources */ = {isa = PBXBuildFile; fileRef = BD6756352A61AD9200333079 /* Preview Assets.xcassets */; };
		BD6756402A61AD9200333079 /* navigationStackTests.swift in Sources */ = {isa = PBXBuildFile; fileRef = BD67563F2A61AD9200333079 /* navigationStackTests.swift */; };
		BD67564A2A61AD9200333079 /* navigationStackUITests.swift in Sources */ = {isa = PBXBuildFile; fileRef = BD6756492A61AD9200333079 /* navigationStackUITests.swift */; };
		BD67564C2A61AD9200333079 /* navigationStackUITestsLaunchTests.swift in Sources */ = {isa = PBXBuildFile; fileRef = BD67564B2A61AD9200333079 /* navigationStackUITestsLaunchTests.swift */; };
/* End PBXBuildFile section */

/* Begin PBXContainerItemProxy section */
		BD67563C2A61AD9200333079 /* PBXContainerItemProxy */ = {
			isa = PBXContainerItemProxy;
			containerPortal = BD6756232A61AD9000333079 /* Project object */;
			proxyType = 1;
			remoteGlobalIDString = BD67562A2A61AD9000333079;
			remoteInfo = navigationStack;
		};
		BD6756462A61AD9200333079 /* PBXContainerItemProxy */ = {
			isa = PBXContainerItemProxy;
			containerPortal = BD6756232A61AD9000333079 /* Project object */;
			proxyType = 1;
			remoteGlobalIDString = BD67562A2A61AD9000333079;
			remoteInfo = navigationStack;
		};
/* End PBXContainerItemProxy section */

/* Begin PBXFileReference section */
		BD67562B2A61AD9000333079 /* navigationStack.app */ = {isa = PBXFileReference; explicitFileType = wrapper.application; includeInIndex = 0; path = navigationStack.app; sourceTree = BUILT_PRODUCTS_DIR; };
		BD67562E2A61AD9000333079 /* navigationStackApp.swift */ = {isa = PBXFileReference; lastKnownFileType = sourcecode.swift; path = navigationStackApp.swift; sourceTree = "<group>"; };
		BD6756302A61AD9000333079 /* ContentView.swift */ = {isa = PBXFileReference; lastKnownFileType = sourcecode.swift; path = ContentView.swift; sourceTree = "<group>"; };
		BD6756322A61AD9200333079 /* Assets.xcassets */ = {isa = PBXFileReference; lastKnownFileType = folder.assetcatalog; path = Assets.xcassets; sourceTree = "<group>"; };
		BD6756352A61AD9200333079 /* Preview Assets.xcassets */ = {isa = PBXFileReference; lastKnownFileType = folder.assetcatalog; path = "Preview Assets.xcassets"; sourceTree = "<group>"; };
		BD67563B2A61AD9200333079 /* navigationStackTests.xctest */ = {isa = PBXFileReference; explicitFileType = wrapper.cfbundle; includeInIndex = 0; path = navigationStackTests.xctest; sourceTree = BUILT_PRODUCTS_DIR; };
		BD67563F2A61AD9200333079 /* navigationStackTests.swift */ = {isa = PBXFileReference; lastKnownFileType = sourcecode.swift; path = navigationStackTests.swift; sourceTree = "<group>"; };
		BD6756452A61AD9200333079 /* navigationStackUITests.xctest */ = {isa = PBXFileReference; explicitFileType = wrapper.cfbundle; includeInIndex = 0; path = navigationStackUITests.xctest; sourceTree = BUILT_PRODUCTS_DIR; };
		BD6756492A61AD9200333079 /* navigationStackUITests.swift */ = {isa = PBXFileReference; lastKnownFileType = sourcecode.swift; path = navigationStackUITests.swift; sourceTree = "<group>"; };
		BD67564B2A61AD9200333079 /* navigationStackUITestsLaunchTests.swift */ = {isa = PBXFileReference; lastKnownFileType = sourcecode.swift; path = navigationStackUITestsLaunchTests.swift; sourceTree = "<group>"; };
/* End PBXFileReference section */

/* Begin PBXFrameworksBuildPhase section */
		BD6756282A61AD9000333079 /* Frameworks */ = {
			isa = PBXFrameworksBuildPhase;
			buildActionMask = 2147483647;
			files = (
			);
			runOnlyForDeploymentPostprocessing = 0;
		};
		BD6756382A61AD9200333079 /* Frameworks */ = {
			isa = PBXFrameworksBuildPhase;
			buildActionMask = 2147483647;
			files = (
			);
			runOnlyForDeploymentPostprocessing = 0;
		};
		BD6756422A61AD9200333079 /* Frameworks */ = {
			isa = PBXFrameworksBuildPhase;
			buildActionMask = 2147483647;
			files = (
			);
			runOnlyForDeploymentPostprocessing = 0;
		};
/* End PBXFrameworksBuildPhase section */

/* Begin PBXGroup section */
		BD6756222A61AD9000333079 = {
			isa = PBXGroup;
			children = (
				BD67562D2A61AD9000333079 /* navigationStack */,
				BD67563E2A61AD9200333079 /* navigationStackTests */,
				BD6756482A61AD9200333079 /* navigationStackUITests */,
				BD67562C2A61AD9000333079 /* Products */,
			);
			sourceTree = "<group>";
		};
		BD67562C2A61AD9000333079 /* Products */ = {
			isa = PBXGroup;
			children = (
				BD67562B2A61AD9000333079 /* navigationStack.app */,
				BD67563B2A61AD9200333079 /* navigationStackTests.xctest */,
				BD6756452A61AD9200333079 /* navigationStackUITests.xctest */,
			);
			name = Products;
			sourceTree = "<group>";
		};
		BD67562D2A61AD9000333079 /* navigationStack */ = {
			isa = PBXGroup;
			children = (
				BD67562E2A61AD9000333079 /* navigationStackApp.swift */,
				BD6756302A61AD9000333079 /* ContentView.swift */,
				BD6756322A61AD9200333079 /* Assets.xcassets */,
				BD6756342A61AD9200333079 /* Preview Content */,
			);
			path = navigationStack;
			sourceTree = "<group>";
		};
		BD6756342A61AD9200333079 /* Preview Content */ = {
			isa = PBXGroup;
			children = (
				BD6756352A61AD9200333079 /* Preview Assets.xcassets */,
			);
			path = "Preview Content";
			sourceTree = "<group>";
		};
		BD67563E2A61AD9200333079 /* navigationStackTests */ = {
			isa = PBXGroup;
			children = (
				BD67563F2A61AD9200333079 /* navigationStackTests.swift */,
			);
			path = navigationStackTests;
			sourceTree = "<group>";
		};
		BD6756482A61AD9200333079 /* navigationStackUITests */ = {
			isa = PBXGroup;
			children = (
				BD6756492A61AD9200333079 /* navigationStackUITests.swift */,
				BD67564B2A61AD9200333079 /* navigationStackUITestsLaunchTests.swift */,
			);
			path = navigationStackUITests;
			sourceTree = "<group>";
		};
/* End PBXGroup section */

/* Begin PBXNativeTarget section */
		BD67562A2A61AD9000333079 /* navigationStack */ = {
			isa = PBXNativeTarget;
			buildConfigurationList = BD67564F2A61AD9200333079 /* Build configuration list for PBXNativeTarget "navigationStack" */;
			buildPhases = (
				BD6756272A61AD9000333079 /* Sources */,
				BD6756282A61AD9000333079 /* Frameworks */,
				BD6756292A61AD9000333079 /* Resources */,
			);
			buildRules = (
			);
			dependencies = (
			);
			name = navigationStack;
			productName = navigationStack;
			productReference = BD67562B2A61AD9000333079 /* navigationStack.app */;
			productType = "com.apple.product-type.application";
		};
		BD67563A2A61AD9200333079 /* navigationStackTests */ = {
			isa = PBXNativeTarget;
			buildConfigurationList = BD6756522A61AD9200333079 /* Build configuration list for PBXNativeTarget "navigationStackTests" */;
			buildPhases = (
				BD6756372A61AD9200333079 /* Sources */,
				BD6756382A61AD9200333079 /* Frameworks */,
				BD6756392A61AD9200333079 /* Resources */,
			);
			buildRules = (
			);
			dependencies = (
				BD67563D2A61AD9200333079 /* PBXTargetDependency */,
			);
			name = navigationStackTests;
			productName = navigationStackTests;
			productReference = BD67563B2A61AD9200333079 /* navigationStackTests.xctest */;
			productType = "com.apple.product-type.bundle.unit-test";
		};
		BD6756442A61AD9200333079 /* navigationStackUITests */ = {
			isa = PBXNativeTarget;
			buildConfigurationList = BD6756552A61AD9200333079 /* Build configuration list for PBXNativeTarget "navigationStackUITests" */;
			buildPhases = (
				BD6756412A61AD9200333079 /* Sources */,
				BD6756422A61AD9200333079 /* Frameworks */,
				BD6756432A61AD9200333079 /* Resources */,
			);
			buildRules = (
			);
			dependencies = (
				BD6756472A61AD9200333079 /* PBXTargetDependency */,
			);
			name = navigationStackUITests;
			productName = navigationStackUITests;
			productReference = BD6756452A61AD9200333079 /* navigationStackUITests.xctest */;
			productType = "com.apple.product-type.bundle.ui-testing";
		};
/* End PBXNativeTarget section */

/* Begin PBXProject section */
		BD6756232A61AD9000333079 /* Project object */ = {
			isa = PBXProject;
			attributes = {
				BuildIndependentTargetsInParallel = 1;
				LastSwiftUpdateCheck = 1430;
				LastUpgradeCheck = 1430;
				TargetAttributes = {
					BD67562A2A61AD9000333079 = {
						CreatedOnToolsVersion = 14.3.1;
					};
					BD67563A2A61AD9200333079 = {
						CreatedOnToolsVersion = 14.3.1;
						TestTargetID = BD67562A2A61AD9000333079;
					};
					BD6756442A61AD9200333079 = {
						CreatedOnToolsVersion = 14.3.1;
						TestTargetID = BD67562A2A61AD9000333079;
					};
				};
			};
			buildConfigurationList = BD6756262A61AD9000333079 /* Build configuration list for PBXProject "navigationStack" */;
			compatibilityVersion = "Xcode 14.0";
			developmentRegion = en;
			hasScannedForEncodings = 0;
			knownRegions = (
				en,
				Base,
			);
			mainGroup = BD6756222A61AD9000333079;
			productRefGroup = BD67562C2A61AD9000333079 /* Products */;
			projectDirPath = "";
			projectRoot = "";
			targets = (
				BD67562A2A61AD9000333079 /* navigationStack */,
				BD67563A2A61AD9200333079 /* navigationStackTests */,
				BD6756442A61AD9200333079 /* navigationStackUITests */,
			);
		};
/* End PBXProject section */

/* Begin PBXResourcesBuildPhase section */
		BD6756292A61AD9000333079 /* Resources */ = {
			isa = PBXResourcesBuildPhase;
			buildActionMask = 2147483647;
			files = (
				BD6756362A61AD9200333079 /* Preview Assets.xcassets in Resources */,
				BD6756332A61AD9200333079 /* Assets.xcassets in Resources */,
			);
			runOnlyForDeploymentPostprocessing = 0;
		};
		BD6756392A61AD9200333079 /* Resources */ = {
			isa = PBXResourcesBuildPhase;
			buildActionMask = 2147483647;
			files = (
			);
			runOnlyForDeploymentPostprocessing = 0;
		};
		BD6756432A61AD9200333079 /* Resources */ = {
			isa = PBXResourcesBuildPhase;
			buildActionMask = 2147483647;
			files = (
			);
			runOnlyForDeploymentPostprocessing = 0;
		};
/* End PBXResourcesBuildPhase section */

/* Begin PBXSourcesBuildPhase section */
		BD6756272A61AD9000333079 /* Sources */ = {
			isa = PBXSourcesBuildPhase;
			buildActionMask = 2147483647;
			files = (
				BD6756312A61AD9000333079 /* ContentView.swift in Sources */,
				BD67562F2A61AD9000333079 /* navigationStackApp.swift in Sources */,
			);
			runOnlyForDeploymentPostprocessing = 0;
		};
		BD6756372A61AD9200333079 /* Sources */ = {
			isa = PBXSourcesBuildPhase;
			buildActionMask = 2147483647;
			files = (
				BD6756402A61AD9200333079 /* navigationStackTests.swift in Sources */,
			);
			runOnlyForDeploymentPostprocessing = 0;
		};
		BD6756412A61AD9200333079 /* Sources */ = {
			isa = PBXSourcesBuildPhase;
			buildActionMask = 2147483647;
			files = (
				BD67564A2A61AD9200333079 /* navigationStackUITests.swift in Sources */,
				BD67564C2A61AD9200333079 /* navigationStackUITestsLaunchTests.swift in Sources */,
			);
			runOnlyForDeploymentPostprocessing = 0;
		};
/* End PBXSourcesBuildPhase section */

/* Begin PBXTargetDependency section */
		BD67563D2A61AD9200333079 /* PBXTargetDependency */ = {
			isa = PBXTargetDependency;
			target = BD67562A2A61AD9000333079 /* navigationStack */;
			targetProxy = BD67563C2A61AD9200333079 /* PBXContainerItemProxy */;
		};
		BD6756472A61AD9200333079 /* PBXTargetDependency */ = {
			isa = PBXTargetDependency;
			target = BD67562A2A61AD9000333079 /* navigationStack */;
			targetProxy = BD6756462A61AD9200333079 /* PBXContainerItemProxy */;
		};
/* End PBXTargetDependency section */

/* Begin XCBuildConfiguration section */
		BD67564D2A61AD9200333079 /* Debug */ = {
			isa = XCBuildConfiguration;
			buildSettings = {
				ALWAYS_SEARCH_USER_PATHS = NO;
				CLANG_ANALYZER_NONNULL = YES;
				CLANG_ANALYZER_NUMBER_OBJECT_CONVERSION = YES_AGGRESSIVE;
				CLANG_CXX_LANGUAGE_STANDARD = "gnu++20";
				CLANG_ENABLE_MODULES = YES;
				CLANG_ENABLE_OBJC_ARC = YES;
				CLANG_ENABLE_OBJC_WEAK = YES;
				CLANG_WARN_BLOCK_CAPTURE_AUTORELEASING = YES;
				CLANG_WARN_BOOL_CONVERSION = YES;
				CLANG_WARN_COMMA = YES;
				CLANG_WARN_CONSTANT_CONVERSION = YES;
				CLANG_WARN_DEPRECATED_OBJC_IMPLEMENTATIONS = YES;
				CLANG_WARN_DIRECT_OBJC_ISA_USAGE = YES_ERROR;
				CLANG_WARN_DOCUMENTATION_COMMENTS = YES;
				CLANG_WARN_EMPTY_BODY = YES;
				CLANG_WARN_ENUM_CONVERSION = YES;
				CLANG_WARN_INFINITE_RECURSION = YES;
				CLANG_WARN_INT_CONVERSION = YES;
				CLANG_WARN_NON_LITERAL_NULL_CONVERSION = YES;
				CLANG_WARN_OBJC_IMPLICIT_RETAIN_SELF = YES;
				CLANG_WARN_OBJC_LITERAL_CONVERSION = YES;
				CLANG_WARN_OBJC_ROOT_CLASS = YES_ERROR;
				CLANG_WARN_QUOTED_INCLUDE_IN_FRAMEWORK_HEADER = YES;
				CLANG_WARN_RANGE_LOOP_ANALYSIS = YES;
				CLANG_WARN_STRICT_PROTOTYPES = YES;
				CLANG_WARN_SUSPICIOUS_MOVE = YES;
				CLANG_WARN_UNGUARDED_AVAILABILITY = YES_AGGRESSIVE;
				CLANG_WARN_UNREACHABLE_CODE = YES;
				CLANG_WARN__DUPLICATE_METHOD_MATCH = YES;
				COPY_PHASE_STRIP = NO;
				DEBUG_INFORMATION_FORMAT = dwarf;
				ENABLE_STRICT_OBJC_MSGSEND = YES;
				ENABLE_TESTABILITY = YES;
				GCC_C_LANGUAGE_STANDARD = gnu11;
				GCC_DYNAMIC_NO_PIC = NO;
				GCC_NO_COMMON_BLOCKS = YES;
				GCC_OPTIMIZATION_LEVEL = 0;
				GCC_PREPROCESSOR_DEFINITIONS = (
					"DEBUG=1",
					"$(inherited)",
				);
				GCC_WARN_64_TO_32_BIT_CONVERSION = YES;
				GCC_WARN_ABOUT_RETURN_TYPE = YES_ERROR;
				GCC_WARN_UNDECLARED_SELECTOR = YES;
				GCC_WARN_UNINITIALIZED_AUTOS = YES_AGGRESSIVE;
				GCC_WARN_UNUSED_FUNCTION = YES;
				GCC_WARN_UNUSED_VARIABLE = YES;
				IPHONEOS_DEPLOYMENT_TARGET = 16.4;
				MTL_ENABLE_DEBUG_INFO = INCLUDE_SOURCE;
				MTL_FAST_MATH = YES;
				ONLY_ACTIVE_ARCH = YES;
				SDKROOT = iphoneos;
				SWIFT_ACTIVE_COMPILATION_CONDITIONS = DEBUG;
				SWIFT_OPTIMIZATION_LEVEL = "-Onone";
			};
			name = Debug;
		};
		BD67564E2A61AD9200333079 /* Release */ = {
			isa = XCBuildConfiguration;
			buildSettings = {
				ALWAYS_SEARCH_USER_PATHS = NO;
				CLANG_ANALYZER_NONNULL = YES;
				CLANG_ANALYZER_NUMBER_OBJECT_CONVERSION = YES_AGGRESSIVE;
				CLANG_CXX_LANGUAGE_STANDARD = "gnu++20";
				CLANG_ENABLE_MODULES = YES;
				CLANG_ENABLE_OBJC_ARC = YES;
				CLANG_ENABLE_OBJC_WEAK = YES;
				CLANG_WARN_BLOCK_CAPTURE_AUTORELEASING = YES;
				CLANG_WARN_BOOL_CONVERSION = YES;
				CLANG_WARN_COMMA = YES;
				CLANG_WARN_CONSTANT_CONVERSION = YES;
				CLANG_WARN_DEPRECATED_OBJC_IMPLEMENTATIONS = YES;
				CLANG_WARN_DIRECT_OBJC_ISA_USAGE = YES_ERROR;
				CLANG_WARN_DOCUMENTATION_COMMENTS = YES;
				CLANG_WARN_EMPTY_BODY = YES;
				CLANG_WARN_ENUM_CONVERSION = YES;
				CLANG_WARN_INFINITE_RECURSION = YES;
				CLANG_WARN_INT_CONVERSION = YES;
				CLANG_WARN_NON_LITERAL_NULL_CONVERSION = YES;
				CLANG_WARN_OBJC_IMPLICIT_RETAIN_SELF = YES;
				CLANG_WARN_OBJC_LITERAL_CONVERSION = YES;
				CLANG_WARN_OBJC_ROOT_CLASS = YES_ERROR;
				CLANG_WARN_QUOTED_INCLUDE_IN_FRAMEWORK_HEADER = YES;
				CLANG_WARN_RANGE_LOOP_ANALYSIS = YES;
				CLANG_WARN_STRICT_PROTOTYPES = YES;
				CLANG_WARN_SUSPICIOUS_MOVE = YES;
				CLANG_WARN_UNGUARDED_AVAILABILITY = YES_AGGRESSIVE;
				CLANG_WARN_UNREACHABLE_CODE = YES;
				CLANG_WARN__DUPLICATE_METHOD_MATCH = YES;
				COPY_PHASE_STRIP = NO;
				DEBUG_INFORMATION_FORMAT = "dwarf-with-dsym";
				ENABLE_NS_ASSERTIONS = NO;
				ENABLE_STRICT_OBJC_MSGSEND = YES;
				GCC_C_LANGUAGE_STANDARD = gnu11;
				GCC_NO_COMMON_BLOCKS = YES;
				GCC_WARN_64_TO_32_BIT_CONVERSION = YES;
				GCC_WARN_ABOUT_RETURN_TYPE = YES_ERROR;
				GCC_WARN_UNDECLARED_SELECTOR = YES;
				GCC_WARN_UNINITIALIZED_AUTOS = YES_AGGRESSIVE;
				GCC_WARN_UNUSED_FUNCTION = YES;
				GCC_WARN_UNUSED_VARIABLE = YES;
				IPHONEOS_DEPLOYMENT_TARGET = 16.4;
				MTL_ENABLE_DEBUG_INFO = NO;
				MTL_FAST_MATH = YES;
				SDKROOT = iphoneos;
				SWIFT_COMPILATION_MODE = wholemodule;
				SWIFT_OPTIMIZATION_LEVEL = "-O";
				VALIDATE_PRODUCT = YES;
			};
			name = Release;
		};
		BD6756502A61AD9200333079 /* Debug */ = {
			isa = XCBuildConfiguration;
			buildSettings = {
				ASSETCATALOG_COMPILER_APPICON_NAME = AppIcon;
				ASSETCATALOG_COMPILER_GLOBAL_ACCENT_COLOR_NAME = AccentColor;
				CODE_SIGN_STYLE = Automatic;
				CURRENT_PROJECT_VERSION = 1;
				DEVELOPMENT_ASSET_PATHS = "\"navigationStack/Preview Content\"";
				ENABLE_PREVIEWS = YES;
				GENERATE_INFOPLIST_FILE = YES;
				INFOPLIST_KEY_UIApplicationSceneManifest_Generation = YES;
				INFOPLIST_KEY_UIApplicationSupportsIndirectInputEvents = YES;
				INFOPLIST_KEY_UILaunchScreen_Generation = YES;
				INFOPLIST_KEY_UISupportedInterfaceOrientations_iPad = "UIInterfaceOrientationPortrait UIInterfaceOrientationPortraitUpsideDown UIInterfaceOrientationLandscapeLeft UIInterfaceOrientationLandscapeRight";
				INFOPLIST_KEY_UISupportedInterfaceOrientations_iPhone = "UIInterfaceOrientationPortrait UIInterfaceOrientationLandscapeLeft UIInterfaceOrientationLandscapeRight";
				LD_RUNPATH_SEARCH_PATHS = (
					"$(inherited)",
					"@executable_path/Frameworks",
				);
				MARKETING_VERSION = 1.0;
				PRODUCT_BUNDLE_IDENTIFIER = KWK.navigationStack;
				PRODUCT_NAME = "$(TARGET_NAME)";
				SWIFT_EMIT_LOC_STRINGS = YES;
				SWIFT_VERSION = 5.0;
				TARGETED_DEVICE_FAMILY = "1,2";
			};
			name = Debug;
		};
		BD6756512A61AD9200333079 /* Release */ = {
			isa = XCBuildConfiguration;
			buildSettings = {
				ASSETCATALOG_COMPILER_APPICON_NAME = AppIcon;
				ASSETCATALOG_COMPILER_GLOBAL_ACCENT_COLOR_NAME = AccentColor;
				CODE_SIGN_STYLE = Automatic;
				CURRENT_PROJECT_VERSION = 1;
				DEVELOPMENT_ASSET_PATHS = "\"navigationStack/Preview Content\"";
				ENABLE_PREVIEWS = YES;
				GENERATE_INFOPLIST_FILE = YES;
				INFOPLIST_KEY_UIApplicationSceneManifest_Generation = YES;
				INFOPLIST_KEY_UIApplicationSupportsIndirectInputEvents = YES;
				INFOPLIST_KEY_UILaunchScreen_Generation = YES;
				INFOPLIST_KEY_UISupportedInterfaceOrientations_iPad = "UIInterfaceOrientationPortrait UIInterfaceOrientationPortraitUpsideDown UIInterfaceOrientationLandscapeLeft UIInterfaceOrientationLandscapeRight";
				INFOPLIST_KEY_UISupportedInterfaceOrientations_iPhone = "UIInterfaceOrientationPortrait UIInterfaceOrientationLandscapeLeft UIInterfaceOrientationLandscapeRight";
				LD_RUNPATH_SEARCH_PATHS = (
					"$(inherited)",
					"@executable_path/Frameworks",
				);
				MARKETING_VERSION = 1.0;
				PRODUCT_BUNDLE_IDENTIFIER = KWK.navigationStack;
				PRODUCT_NAME = "$(TARGET_NAME)";
				SWIFT_EMIT_LOC_STRINGS = YES;
				SWIFT_VERSION = 5.0;
				TARGETED_DEVICE_FAMILY = "1,2";
			};
			name = Release;
		};
		BD6756532A61AD9200333079 /* Debug */ = {
			isa = XCBuildConfiguration;
			buildSettings = {
				ALWAYS_EMBED_SWIFT_STANDARD_LIBRARIES = YES;
				BUNDLE_LOADER = "$(TEST_HOST)";
				CODE_SIGN_STYLE = Automatic;
				CURRENT_PROJECT_VERSION = 1;
				GENERATE_INFOPLIST_FILE = YES;
				IPHONEOS_DEPLOYMENT_TARGET = 16.4;
				MARKETING_VERSION = 1.0;
				PRODUCT_BUNDLE_IDENTIFIER = KWK.navigationStackTests;
				PRODUCT_NAME = "$(TARGET_NAME)";
				SWIFT_EMIT_LOC_STRINGS = NO;
				SWIFT_VERSION = 5.0;
				TARGETED_DEVICE_FAMILY = "1,2";
				TEST_HOST = "$(BUILT_PRODUCTS_DIR)/navigationStack.app/$(BUNDLE_EXECUTABLE_FOLDER_PATH)/navigationStack";
			};
			name = Debug;
		};
		BD6756542A61AD9200333079 /* Release */ = {
			isa = XCBuildConfiguration;
			buildSettings = {
				ALWAYS_EMBED_SWIFT_STANDARD_LIBRARIES = YES;
				BUNDLE_LOADER = "$(TEST_HOST)";
				CODE_SIGN_STYLE = Automatic;
				CURRENT_PROJECT_VERSION = 1;
				GENERATE_INFOPLIST_FILE = YES;
				IPHONEOS_DEPLOYMENT_TARGET = 16.4;
				MARKETING_VERSION = 1.0;
				PRODUCT_BUNDLE_IDENTIFIER = KWK.navigationStackTests;
				PRODUCT_NAME = "$(TARGET_NAME)";
				SWIFT_EMIT_LOC_STRINGS = NO;
				SWIFT_VERSION = 5.0;
				TARGETED_DEVICE_FAMILY = "1,2";
				TEST_HOST = "$(BUILT_PRODUCTS_DIR)/navigationStack.app/$(BUNDLE_EXECUTABLE_FOLDER_PATH)/navigationStack";
			};
			name = Release;
		};
		BD6756562A61AD9200333079 /* Debug */ = {
			isa = XCBuildConfiguration;
			buildSettings = {
				ALWAYS_EMBED_SWIFT_STANDARD_LIBRARIES = YES;
				CODE_SIGN_STYLE = Automatic;
				CURRENT_PROJECT_VERSION = 1;
				GENERATE_INFOPLIST_FILE = YES;
				MARKETING_VERSION = 1.0;
				PRODUCT_BUNDLE_IDENTIFIER = KWK.navigationStackUITests;
				PRODUCT_NAME = "$(TARGET_NAME)";
				SWIFT_EMIT_LOC_STRINGS = NO;
				SWIFT_VERSION = 5.0;
				TARGETED_DEVICE_FAMILY = "1,2";
				TEST_TARGET_NAME = navigationStack;
			};
			name = Debug;
		};
		BD6756572A61AD9200333079 /* Release */ = {
			isa = XCBuildConfiguration;
			buildSettings = {
				ALWAYS_EMBED_SWIFT_STANDARD_LIBRARIES = YES;
				CODE_SIGN_STYLE = Automatic;
				CURRENT_PROJECT_VERSION = 1;
				GENERATE_INFOPLIST_FILE = YES;
				MARKETING_VERSION = 1.0;
				PRODUCT_BUNDLE_IDENTIFIER = KWK.navigationStackUITests;
				PRODUCT_NAME = "$(TARGET_NAME)";
				SWIFT_EMIT_LOC_STRINGS = NO;
				SWIFT_VERSION = 5.0;
				TARGETED_DEVICE_FAMILY = "1,2";
				TEST_TARGET_NAME = navigationStack;
			};
			name = Release;
		};
/* End XCBuildConfiguration section */

/* Begin XCConfigurationList section */
		BD6756262A61AD9000333079 /* Build configuration list for PBXProject "navigationStack" */ = {
			isa = XCConfigurationList;
			buildConfigurations = (
				BD67564D2A61AD9200333079 /* Debug */,
				BD67564E2A61AD9200333079 /* Release */,
			);
			defaultConfigurationIsVisible = 0;
			defaultConfigurationName = Release;
		};
		BD67564F2A61AD9200333079 /* Build configuration list for PBXNativeTarget "navigationStack" */ = {
			isa = XCConfigurationList;
			buildConfigurations = (
				BD6756502A61AD9200333079 /* Debug */,
				BD6756512A61AD9200333079 /* Release */,
			);
			defaultConfigurationIsVisible = 0;
			defaultConfigurationName = Release;
		};
		BD6756522A61AD9200333079 /* Build configuration list for PBXNativeTarget "navigationStackTests" */ = {
			isa = XCConfigurationList;
			buildConfigurations = (
				BD6756532A61AD9200333079 /* Debug */,
				BD6756542A61AD9200333079 /* Release */,
			);
			defaultConfigurationIsVisible = 0;
			defaultConfigurationName = Release;
		};
		BD6756552A61AD9200333079 /* Build configuration list for PBXNativeTarget "navigationStackUITests" */ = {
			isa = XCConfigurationList;
			buildConfigurations = (
				BD6756562A61AD9200333079 /* Debug */,
				BD6756572A61AD9200333079 /* Release */,
			);
			defaultConfigurationIsVisible = 0;
			defaultConfigurationName = Release;
		};
/* End XCConfigurationList section */
	};
	rootObject = BD6756232A61AD9000333079 /* Project object */;
}
